<?xml version="1.0" encoding="utf-8"?>
<Project ToolsVersion="4.0" xmlns="http://schemas.microsoft.com/developer/msbuild/2003">
  <ItemGroup>
    <Filter Include="CMUgraphicsLib">
      <UniqueIdentifier>{b6ef5278-5399-4c20-8631-3a47fa20276d}</UniqueIdentifier>
    </Filter>
    <Filter Include="CMUgraphicsLib\JPEG">
      <UniqueIdentifier>{74881736-22be-4b44-90b6-09a29eb1aa85}</UniqueIdentifier>
    </Filter>
    <Filter Include="GUI Classes">
      <UniqueIdentifier>{03fd4e0d-92e0-4271-bb9b-d6e9f21ec35f}</UniqueIdentifier>
    </Filter>
    <Filter Include="Enemies">
      <UniqueIdentifier>{28af86b7-026e-44cd-b907-8de0d89f27ee}</UniqueIdentifier>
    </Filter>
    <Filter Include="FriendlyItems">
      <UniqueIdentifier>{47f76c8d-f174-465a-aa28-1bd3fe1996bd}</UniqueIdentifier>
    </Filter>
    <Filter Include="ApplicationManager">
      <UniqueIdentifier>{00edee6d-09c6-41dc-9411-2fe37dad3b78}</UniqueIdentifier>
    </Filter>
    <Filter Include="GameObject">
      <UniqueIdentifier>{c61abd84-e3da-41ae-a86c-6d797be2f1dc}</UniqueIdentifier>
    </Filter>
    <Filter Include="Obstacles">
      <UniqueIdentifier>{3253c925-5352-4261-bea4-30e4cf0d77d5}</UniqueIdentifier>
    </Filter>
    <Filter Include="Actions">
      <UniqueIdentifier>{72a541cf-9f7b-454d-9d2c-6ba376f60ef7}</UniqueIdentifier>
    </Filter>
    <Filter Include="Player">
      <UniqueIdentifier>{41037b02-fd43-42ea-a135-7b0dccc5212c}</UniqueIdentifier>
    </Filter>
  </ItemGroup>
  <ItemGroup>
    <ClCompile Include="CMUgraphicsLib\auxil.cpp">
      <Filter>CMUgraphicsLib</Filter>
    </ClCompile>
    <ClCompile Include="CMUgraphicsLib\CMUgraphics.cpp">
      <Filter>CMUgraphicsLib</Filter>
    </ClCompile>
    <ClCompile Include="CMUgraphicsLib\image.cpp">
      <Filter>CMUgraphicsLib</Filter>
    </ClCompile>
    <ClCompile Include="CMUgraphicsLib\jpegload.c">
      <Filter>CMUgraphicsLib</Filter>
    </ClCompile>
    <ClCompile Include="CMUgraphicsLib\keyqueue.cpp">
      <Filter>CMUgraphicsLib</Filter>
    </ClCompile>
    <ClCompile Include="CMUgraphicsLib\mousequeue.cpp">
      <Filter>CMUgraphicsLib</Filter>
    </ClCompile>
    <ClCompile Include="CMUgraphicsLib\windowinput.cpp">
      <Filter>CMUgraphicsLib</Filter>
    </ClCompile>
    <ClCompile Include="CMUgraphicsLib\jpeg\jcomapi.c">
      <Filter>CMUgraphicsLib\JPEG</Filter>
    </ClCompile>
    <ClCompile Include="CMUgraphicsLib\jpeg\jcparam.c">
      <Filter>CMUgraphicsLib\JPEG</Filter>
    </ClCompile>
    <ClCompile Include="CMUgraphicsLib\jpeg\jdapimin.c">
      <Filter>CMUgraphicsLib\JPEG</Filter>
    </ClCompile>
    <ClCompile Include="CMUgraphicsLib\jpeg\jdapistd.c">
      <Filter>CMUgraphicsLib\JPEG</Filter>
    </ClCompile>
    <ClCompile Include="CMUgraphicsLib\jpeg\jdatasrc.c">
      <Filter>CMUgraphicsLib\JPEG</Filter>
    </ClCompile>
    <ClCompile Include="CMUgraphicsLib\jpeg\jdcoefct.c">
      <Filter>CMUgraphicsLib\JPEG</Filter>
    </ClCompile>
    <ClCompile Include="CMUgraphicsLib\jpeg\jdcolor.c">
      <Filter>CMUgraphicsLib\JPEG</Filter>
    </ClCompile>
    <ClCompile Include="CMUgraphicsLib\jpeg\jddctmgr.c">
      <Filter>CMUgraphicsLib\JPEG</Filter>
    </ClCompile>
    <ClCompile Include="CMUgraphicsLib\jpeg\jdhuff.c">
      <Filter>CMUgraphicsLib\JPEG</Filter>
    </ClCompile>
    <ClCompile Include="CMUgraphicsLib\jpeg\jdinput.c">
      <Filter>CMUgraphicsLib\JPEG</Filter>
    </ClCompile>
    <ClCompile Include="CMUgraphicsLib\jpeg\jdmainct.c">
      <Filter>CMUgraphicsLib\JPEG</Filter>
    </ClCompile>
    <ClCompile Include="CMUgraphicsLib\jpeg\jdmarker.c">
      <Filter>CMUgraphicsLib\JPEG</Filter>
    </ClCompile>
    <ClCompile Include="CMUgraphicsLib\jpeg\jdmaster.c">
      <Filter>CMUgraphicsLib\JPEG</Filter>
    </ClCompile>
    <ClCompile Include="CMUgraphicsLib\jpeg\jdmerge.c">
      <Filter>CMUgraphicsLib\JPEG</Filter>
    </ClCompile>
    <ClCompile Include="CMUgraphicsLib\jpeg\jdphuff.c">
      <Filter>CMUgraphicsLib\JPEG</Filter>
    </ClCompile>
    <ClCompile Include="CMUgraphicsLib\jpeg\jdpostct.c">
      <Filter>CMUgraphicsLib\JPEG</Filter>
    </ClCompile>
    <ClCompile Include="CMUgraphicsLib\jpeg\jdsample.c">
      <Filter>CMUgraphicsLib\JPEG</Filter>
    </ClCompile>
    <ClCompile Include="CMUgraphicsLib\jpeg\jdtrans.c">
      <Filter>CMUgraphicsLib\JPEG</Filter>
    </ClCompile>
    <ClCompile Include="CMUgraphicsLib\jpeg\jerror.c">
      <Filter>CMUgraphicsLib\JPEG</Filter>
    </ClCompile>
    <ClCompile Include="CMUgraphicsLib\jpeg\jidctflt.c">
      <Filter>CMUgraphicsLib\JPEG</Filter>
    </ClCompile>
    <ClCompile Include="CMUgraphicsLib\jpeg\jidctfst.c">
      <Filter>CMUgraphicsLib\JPEG</Filter>
    </ClCompile>
    <ClCompile Include="CMUgraphicsLib\jpeg\jidctint.c">
      <Filter>CMUgraphicsLib\JPEG</Filter>
    </ClCompile>
    <ClCompile Include="CMUgraphicsLib\jpeg\jidctred.c">
      <Filter>CMUgraphicsLib\JPEG</Filter>
    </ClCompile>
    <ClCompile Include="CMUgraphicsLib\jpeg\jmemmgr.c">
      <Filter>CMUgraphicsLib\JPEG</Filter>
    </ClCompile>
    <ClCompile Include="CMUgraphicsLib\jpeg\jmemnobs.c">
      <Filter>CMUgraphicsLib\JPEG</Filter>
    </ClCompile>
    <ClCompile Include="CMUgraphicsLib\jpeg\jquant1.c">
      <Filter>CMUgraphicsLib\JPEG</Filter>
    </ClCompile>
    <ClCompile Include="CMUgraphicsLib\jpeg\jquant2.c">
      <Filter>CMUgraphicsLib\JPEG</Filter>
    </ClCompile>
    <ClCompile Include="CMUgraphicsLib\jpeg\jutils.c">
      <Filter>CMUgraphicsLib\JPEG</Filter>
    </ClCompile>
    <ClCompile Include="CMUgraphicsLib\colors.cpp">
      <Filter>CMUgraphicsLib</Filter>
    </ClCompile>
    <ClCompile Include="Enemy.cpp">
      <Filter>Enemies</Filter>
    </ClCompile>
    <ClCompile Include="ApplicationManager.cpp">
      <Filter>ApplicationManager</Filter>
    </ClCompile>
    <ClCompile Include="Action.cpp">
      <Filter>Actions</Filter>
    </ClCompile>
    <ClCompile Include="Grid.cpp">
      <Filter>GUI Classes</Filter>
    </ClCompile>
    <ClCompile Include="GameObject.cpp">
      <Filter>GameObject</Filter>
    </ClCompile>
    <ClCompile Include="AddObstacleAction.cpp">
      <Filter>Actions</Filter>
    </ClCompile>
    <ClCompile Include="Obstacle.cpp">
      <Filter>Obstacles</Filter>
    </ClCompile>
    <ClCompile Include="KillerEnemy.cpp">
      <Filter>Enemies</Filter>
    </ClCompile>
    <ClCompile Include="Cell.cpp">
      <Filter>GUI Classes</Filter>
    </ClCompile>
    <ClCompile Include="Input.cpp">
      <Filter>GUI Classes</Filter>
    </ClCompile>
    <ClCompile Include="Output.cpp">
      <Filter>GUI Classes</Filter>
    </ClCompile>
    <ClCompile Include="Main.cpp" />
    <ClCompile Include="Switch_toPlay.cpp">
      <Filter>Actions</Filter>
    </ClCompile>
    <ClCompile Include="Player.cpp">
      <Filter>Player</Filter>
    </ClCompile>
    <ClCompile Include="Current_Grid.cpp">
      <Filter>Actions</Filter>
    </ClCompile>
    <ClCompile Include="ShooterEnemy.cpp">
      <Filter>Enemies</Filter>
    </ClCompile>
    <ClCompile Include="AddShooterEnemy.cpp">
      <Filter>Actions</Filter>
    </ClCompile>
    <ClCompile Include="AddKillerEnemy.cpp">
      <Filter>Actions</Filter>
    </ClCompile>
    <ClCompile Include="Bullet.cpp">
      <Filter>Enemies</Filter>
    </ClCompile>
    <ClCompile Include="AddHealthEnemy.cpp">
      <Filter>Actions</Filter>
    </ClCompile>
    <ClCompile Include="HealthEnemy.cpp">
      <Filter>Enemies</Filter>
    </ClCompile>
    <ClCompile Include="Platinum.cpp">
      <Filter>FriendlyItems</Filter>
    </ClCompile>
    <ClCompile Include="Gold.cpp">
      <Filter>FriendlyItems</Filter>
    </ClCompile>
    <ClCompile Include="Live.cpp">
      <Filter>FriendlyItems</Filter>
    </ClCompile>
    <ClCompile Include="AddLiveItem.cpp">
      <Filter>Actions</Filter>
    </ClCompile>
    <ClCompile Include="AddPlatinumItem.cpp">
      <Filter>Actions</Filter>
    </ClCompile>
    <ClCompile Include="AddGoldItem.cpp">
      <Filter>Actions</Filter>
    </ClCompile>
    <ClCompile Include="AddScoreEnemy.cpp">
      <Filter>Actions</Filter>
    </ClCompile>
    <ClCompile Include="FriendlyItem.cpp">
      <Filter>FriendlyItems</Filter>
    </ClCompile>
    <ClCompile Include="ScoreEnemy.cpp">
      <Filter>Enemies</Filter>
    </ClCompile>
    <ClCompile Include="Heart.cpp">
      <Filter>FriendlyItems</Filter>
    </ClCompile>
    <ClCompile Include="AddHeartItem.cpp">
      <Filter>Actions</Filter>
    </ClCompile>
    <ClCompile Include="AddExitAction.cpp">
      <Filter>Actions</Filter>
    </ClCompile>
    <ClCompile Include="Switch_toGrid.cpp">
      <Filter>Actions</Filter>
    </ClCompile>
    <ClCompile Include="AddDeleteAction.cpp">
      <Filter>Actions</Filter>
    </ClCompile>
    <ClCompile Include="Save_Grid.cpp">
      <Filter>Actions</Filter>
    </ClCompile>
    <ClCompile Include="Open_Grid.cpp">
      <Filter>Actions</Filter>
    </ClCompile>
    <ClCompile Include="Save_Game.cpp">
      <Filter>Actions</Filter>
    </ClCompile>
    <ClCompile Include="Reload_Game.cpp">
      <Filter>Actions</Filter>
    </ClCompile>
  </ItemGroup>
  <ItemGroup>
    <ClInclude Include="CMUgraphicsLib\auxil.h">
      <Filter>CMUgraphicsLib</Filter>
    </ClInclude>
    <ClInclude Include="CMUgraphicsLib\CMUgraphics.h">
      <Filter>CMUgraphicsLib</Filter>
    </ClInclude>
    <ClInclude Include="CMUgraphicsLib\colors.h">
      <Filter>CMUgraphicsLib</Filter>
    </ClInclude>
    <ClInclude Include="CMUgraphicsLib\error.h">
      <Filter>CMUgraphicsLib</Filter>
    </ClInclude>
    <ClInclude Include="CMUgraphicsLib\image.h">
      <Filter>CMUgraphicsLib</Filter>
    </ClInclude>
    <ClInclude Include="CMUgraphicsLib\jpegload.h">
      <Filter>CMUgraphicsLib</Filter>
    </ClInclude>
    <ClInclude Include="CMUgraphicsLib\keyqueue.h">
      <Filter>CMUgraphicsLib</Filter>
    </ClInclude>
    <ClInclude Include="CMUgraphicsLib\mousequeue.h">
      <Filter>CMUgraphicsLib</Filter>
    </ClInclude>
    <ClInclude Include="CMUgraphicsLib\version.h">
      <Filter>CMUgraphicsLib</Filter>
    </ClInclude>
    <ClInclude Include="CMUgraphicsLib\windowinput.h">
      <Filter>CMUgraphicsLib</Filter>
    </ClInclude>
    <ClInclude Include="CMUgraphicsLib\jpeg\jconfig.h">
      <Filter>CMUgraphicsLib\JPEG</Filter>
    </ClInclude>
    <ClInclude Include="CMUgraphicsLib\jpeg\jdct.h">
      <Filter>CMUgraphicsLib\JPEG</Filter>
    </ClInclude>
    <ClInclude Include="CMUgraphicsLib\jpeg\jdhuff.h">
      <Filter>CMUgraphicsLib\JPEG</Filter>
    </ClInclude>
    <ClInclude Include="CMUgraphicsLib\jpeg\jerror.h">
      <Filter>CMUgraphicsLib\JPEG</Filter>
    </ClInclude>
    <ClInclude Include="CMUgraphicsLib\jpeg\jinclude.h">
      <Filter>CMUgraphicsLib\JPEG</Filter>
    </ClInclude>
    <ClInclude Include="CMUgraphicsLib\jpeg\jmemsys.h">
      <Filter>CMUgraphicsLib\JPEG</Filter>
    </ClInclude>
    <ClInclude Include="CMUgraphicsLib\jpeg\jmorecfg.h">
      <Filter>CMUgraphicsLib\JPEG</Filter>
    </ClInclude>
    <ClInclude Include="CMUgraphicsLib\jpeg\jpegint.h">
      <Filter>CMUgraphicsLib\JPEG</Filter>
    </ClInclude>
    <ClInclude Include="CMUgraphicsLib\jpeg\jpeglib.h">
      <Filter>CMUgraphicsLib\JPEG</Filter>
    </ClInclude>
    <ClInclude Include="CMUgraphicsLib\jpeg\jversion.h">
      <Filter>CMUgraphicsLib\JPEG</Filter>
    </ClInclude>
    <ClInclude Include="DEFS.h" />
    <ClInclude Include="Enemy.h">
      <Filter>Enemies</Filter>
    </ClInclude>
    <ClInclude Include="ApplicationManager.h">
      <Filter>ApplicationManager</Filter>
    </ClInclude>
    <ClInclude Include="Action.h">
      <Filter>Actions</Filter>
    </ClInclude>
    <ClInclude Include="Grid.h">
      <Filter>GUI Classes</Filter>
    </ClInclude>
    <ClInclude Include="GameObject.h">
      <Filter>GameObject</Filter>
    </ClInclude>
    <ClInclude Include="AddObstacleAction.h">
      <Filter>Actions</Filter>
    </ClInclude>
    <ClInclude Include="Obstacle.h">
      <Filter>Obstacles</Filter>
    </ClInclude>
    <ClInclude Include="KillerEnemy.h">
      <Filter>Enemies</Filter>
    </ClInclude>
    <ClInclude Include="Cell.h">
      <Filter>GUI Classes</Filter>
    </ClInclude>
    <ClInclude Include="Input.h">
      <Filter>GUI Classes</Filter>
    </ClInclude>
    <ClInclude Include="Output.h">
      <Filter>GUI Classes</Filter>
    </ClInclude>
    <ClInclude Include="UI_Info.h">
      <Filter>GUI Classes</Filter>
    </ClInclude>
    <ClInclude Include="Switch_toPlay.h">
      <Filter>Actions</Filter>
    </ClInclude>
    <ClInclude Include="Player.h">
      <Filter>Player</Filter>
    </ClInclude>
    <ClInclude Include="Current_Grid.h">
      <Filter>Actions</Filter>
    </ClInclude>
    <ClInclude Include="ShooterEnemy.h">
      <Filter>Enemies</Filter>
    </ClInclude>
    <ClInclude Include="AddShooterEnemy.h">
      <Filter>Actions</Filter>
    </ClInclude>
    <ClInclude Include="AddKillerEnemy.h">
      <Filter>Actions</Filter>
    </ClInclude>
    <ClInclude Include="Bullet.h">
      <Filter>Enemies</Filter>
    </ClInclude>
    <ClInclude Include="AddHealthEnemy.h">
      <Filter>Actions</Filter>
    </ClInclude>
    <ClInclude Include="HealthEnemy.h">
      <Filter>Enemies</Filter>
    </ClInclude>
    <ClInclude Include="Platinum.h">
      <Filter>FriendlyItems</Filter>
    </ClInclude>
    <ClInclude Include="Gold.h">
      <Filter>FriendlyItems</Filter>
    </ClInclude>
    <ClInclude Include="Live.h">
      <Filter>FriendlyItems</Filter>
    </ClInclude>
    <ClInclude Include="AddLiveItem.h">
      <Filter>Actions</Filter>
    </ClInclude>
    <ClInclude Include="AddPlatinumItem.h">
      <Filter>Actions</Filter>
    </ClInclude>
    <ClInclude Include="AddGoldItem.h">
      <Filter>Actions</Filter>
    </ClInclude>
    <ClInclude Include="AddScoreEnemy.h">
      <Filter>Actions</Filter>
    </ClInclude>
    <ClInclude Include="FriendlyItem.h">
      <Filter>FriendlyItems</Filter>
    </ClInclude>
    <ClInclude Include="ScoreEnemy.h">
      <Filter>Enemies</Filter>
    </ClInclude>
    <ClInclude Include="Heart.h">
      <Filter>FriendlyItems</Filter>
    </ClInclude>
    <ClInclude Include="AddHeartItem.h">
      <Filter>Actions</Filter>
    </ClInclude>
    <ClInclude Include="AddExitAction.h">
      <Filter>Actions</Filter>
    </ClInclude>
    <ClInclude Include="Switch_toGrid.h">
      <Filter>Actions</Filter>
    </ClInclude>
    <ClInclude Include="AddDeleteAction.h">
      <Filter>Actions</Filter>
    </ClInclude>
    <ClInclude Include="Save_Grid.h">
      <Filter>Actions</Filter>
    </ClInclude>
    <ClInclude Include="Open_Grid.h">
      <Filter>Actions</Filter>
    </ClInclude>
    <ClInclude Include="Save_Game.h">
      <Filter>Actions</Filter>
    </ClInclude>
    <ClInclude Include="Reload_Game.h">
      <Filter>Actions</Filter>
    </ClInclude>
  </ItemGroup>
</Project>